
Microsoft Visual Studio Solution File, Format Version 12.00
# Visual Studio Version 16
VisualStudioVersion = 16.0.28803.202
MinimumVisualStudioVersion = 10.0.40219.1
Project("{FAE04EC0-301F-11D3-BF4B-00C04F79EFBC}") = "Steganography504s", "Steganography504s\Steganography504s.csproj", "{BB717FE4-1A66-4B7C-B02E-F8D6B844DA42}"
EndProject
Global
	GlobalSection(SolutionConfigurationPlatforms) = preSolution
		Debug|Any CPU = Debug|Any CPU
		Release|Any CPU = Release|Any CPU
	EndGlobalSection
	GlobalSection(ProjectConfigurationPlatforms) = postSolution
		{BB717FE4-1A66-4B7C-B02E-F8D6B844DA42}.Debug|Any CPU.ActiveCfg = Debug|Any CPU
		{BB717FE4-1A66-4B7C-B02E-F8D6B844DA42}.Debug|Any CPU.Build.0 = Debug|Any CPU
		{BB717FE4-1A66-4B7C-B02E-F8D6B844DA42}.Release|Any CPU.ActiveCfg = Release|Any CPU
		{BB717FE4-1A66-4B7C-B02E-F8D6B844DA42}.Release|Any CPU.Build.0 = Release|Any CPU
	EndGlobalSection
	GlobalSection(SolutionProperties) = preSolution
		HideSolutionNode = FALSE
	EndGlobalSection
	GlobalSection(ExtensibilityGlobals) = postSolution
		SolutionGuid = {4C1B6333-E0B4-4048-A233-C1788ECE8AB1}
	EndGlobalSection
EndGlobal
